// !$*UTF8*$!
{
	archiveVersion = 1;
	classes = {
	};
	objectVersion = 77;
	objects = {

/* Begin PBXBuildFile section */
		7FBF38922FD4886D006D8E70 /* whack_a_moleApp.swift in Sources */ = {isa = PBXBuildFile; fileRef = 7FBF38912FD4886D006D8E70 /* whack_a_moleApp.swift */; };
		7FBF38942FD4886D006D8E70 /* ContentView.swift in Sources */ = {isa = PBXBuildFile; fileRef = 7FBF38932FD4886D006D8E70 /* ContentView.swift */; };
/* End PBXBuildFile section */

/* Begin PBXFileReference section */
		7FBF388E2FD4886D006D8E70 /* whack-a-mole.app */ = {isa = PBXFileReference; explicitFileType = wrapper.application; includeInIndex = 0; path = "whack-a-mole.app"; sourceTree = BUILT_PRODUCTS_DIR; };
		7FBF38912FD4886D006D8E70 /* whack_a_moleApp.swift */ = {isa = PBXFileReference; lastKnownFileType = sourcecode.swift; path = whack_a_moleApp.swift; sourceTree = "<group>"; };
		7FBF38932FD4886D006D8E70 /* ContentView.swift */ = {isa = PBXFileReference; lastKnownFileType = sourcecode.swift; path = ContentView.swift; sourceTree = "<group>"; };
		7FBF38A12FD48EAE006D8E70 /* GridPosition.swift */ = {isa = PBXFileReference; lastKnownFileType = sourcecode.swift; path = GridPosition.swift; sourceTree = "<group>"; };
		7FBF38A22FD48EAE006D8E70 /* GameState.swift */ = {isa = PBXFileReference; lastKnownFileType = sourcecode.swift; path = GameState.swift; sourceTree = "<group>"; };
		7FBF38A32FD48EAF006D8E70 /* GameConstants.swift */ = {isa = PBXFileReference; lastKnownFileType = sourcecode.swift; path = GameConstants.swift; sourceTree = "<group>"; };
		7FBF38A62FD493F3006D8E70 /* HoleModel.swift */ = {isa = PBXFileReference; lastKnownFileType = sourcecode.swift; path = HoleModel.swift; sourceTree = "<group>"; };
		7FBF38A72FD49418006D8E70 /* HoleViewModel.swift */ = {isa = PBXFileReference; lastKnownFileType = sourcecode.swift; path = HoleViewModel.swift; sourceTree = "<group>"; };
		7FBF38A82FD49418006D8E70 /* HoleView.swift */ = {isa = PBXFileReference; lastKnownFileType = sourcecode.swift; path = HoleView.swift; sourceTree = "<group>"; };
		7FBF38AA2FD49455006D8E70 /* GameBoardView.swift */ = {isa = PBXFileReference; lastKnownFileType = sourcecode.swift; path = GameBoardView.swift; sourceTree = "<group>"; };
/* End PBXFileReference section */

/* Begin PBXFileSystemSynchronizedRootGroup section */
		7FBF38902FD4886D006D8E70 /* whack-a-mole */ = {
			isa = PBXFileSystemSynchronizedRootGroup;
			path = "whack-a-mole";
			sourceTree = "<group>";
		};
/* End PBXFileSystemSynchronizedRootGroup section */

/* Begin PBXFrameworksBuildPhase section */
		7FBF388B2FD4886D006D8E70 /* Frameworks */ = {
			isa = PBXFrameworksBuildPhase;
			buildActionMask = 2147483647;
			files = (
			);
			runOnlyForDeploymentPostprocessing = 0;
		};
/* End PBXFrameworksBuildPhase section */

/* Begin PBXGroup section */
		7FBF38852FD4886D006D8E70 = {
			isa = PBXGroup;
			children = (
				7FBF38902FD4886D006D8E70 /* whack-a-mole */,
				7FBF388F2FD4886D006D8E70 /* Products */,
				7FBF38A02FD48EA8006D8E70 /* Shared */,
				7FBF38A42FD493A1006D8E70 /* App */,
				7FBF38A52FD493F0006D8E70 /* Hole */,
				7FBF38A92FD49450006D8E70 /* Game */,
			);
			sourceTree = "<group>";
		};
		7FBF388F2FD4886D006D8E70 /* Products */ = {
			isa = PBXGroup;
			children = (
				7FBF388E2FD4886D006D8E70 /* whack-a-mole.app */,
			);
			name = Products;
			sourceTree = "<group>";
		};
		7FBF38A02FD48EA8006D8E70 /* Shared */ = {
			isa = PBXGroup;
			children = (
				7FBF38A12FD48EAE006D8E70 /* GridPosition.swift */,
				7FBF38A22FD48EAE006D8E70 /* GameState.swift */,
				7FBF38A32FD48EAF006D8E70 /* GameConstants.swift */,
			);
			path = Shared;
			sourceTree = "<group>";
		};
		7FBF38A42FD493A1006D8E70 /* App */ = {
			isa = PBXGroup;
			children = (
				7FBF38912FD4886D006D8E70 /* whack_a_moleApp.swift */,
				7FBF38932FD4886D006D8E70 /* ContentView.swift */,
			);
			path = App;
			sourceTree = "<group>";
		};
		7FBF38A52FD493F0006D8E70 /* Hole */ = {
			isa = PBXGroup;
			children = (
				7FBF38A62FD493F3006D8E70 /* HoleModel.swift */,
				7FBF38A72FD49418006D8E70 /* HoleViewModel.swift */,
				7FBF38A82FD49418006D8E70 /* HoleView.swift */,
			);
			path = Hole;
			sourceTree = "<group>";
		};
		7FBF38A92FD49450006D8E70 /* Game */ = {
			isa = PBXGroup;
			children = (
				7FBF38AA2FD49455006D8E70 /* GameBoardView.swift */,
			);
			path = Game;
			sourceTree = "<group>";
		};
/* End PBXGroup section */

/* Begin PBXNativeTarget section */
		7FBF388D2FD4886D006D8E70 /* whack-a-mole */ = {
			isa = PBXNativeTarget;
			buildConfigurationList = 7FBF38992FD4886F006D8E70 /* Build configuration list for PBXNativeTarget "whack-a-mole" */;
			buildPhases = (
				7FBF388A2FD4886D006D8E70 /* Sources */,
				7FBF388B2FD4886D006D8E70 /* Frameworks */,
				7FBF388C2FD4886D006D8E70 /* Resources */,
			);
			buildRules = (
			);
			dependencies = (
			);
			fileSystemSynchronizedGroups = (
				7FBF38902FD4886D006D8E70 /* whack-a-mole */,
			);
			name = "whack-a-mole";
			packageProductDependencies = (
			);
			productName = "whack-a-mole";
			productReference = 7FBF388E2FD4886D006D8E70 /* whack-a-mole.app */;
			productType = "com.apple.product-type.application";
		};
/* End PBXNativeTarget section */

/* Begin PBXProject section */
		7FBF38862FD4886D006D8E70 /* Project object */ = {
			isa = PBXProject;
			attributes = {
				BuildIndependentTargetsInParallel = 1;
				LastSwiftUpdateCheck = 2650;
				LastUpgradeCheck = 2650;
				TargetAttributes = {
					7FBF388D2FD4886D006D8E70 = {
						CreatedOnToolsVersion = 26.5;
					};
				};
			};
			buildConfigurationList = 7FBF38892FD4886D006D8E70 /* Build configuration list for PBXProject "whack-a-mole" */;
			developmentRegion = en;
			hasScannedForEncodings = 0;
			knownRegions = (
				en,
				Base,
			);
			mainGroup = 7FBF38852FD4886D006D8E70;
			minimizedProjectReferenceProxies = 1;
			preferredProjectObjectVersion = 77;
			productRefGroup = 7FBF388F2FD4886D006D8E70 /* Products */;
			projectDirPath = "";
			projectRoot = "";
			targets = (
				7FBF388D2FD4886D006D8E70 /* whack-a-mole */,
			);
		};
/* End PBXProject section */

/* Begin PBXResourcesBuildPhase section */
		7FBF388C2FD4886D006D8E70 /* Resources */ = {
			isa = PBXResourcesBuildPhase;
			buildActionMask = 2147483647;
			files = (
			);
			runOnlyForDeploymentPostprocessing = 0;
		};
/* End PBXResourcesBuildPhase section */

/* Begin PBXSourcesBuildPhase section */
		7FBF388A2FD4886D006D8E70 /* Sources */ = {
			isa = PBXSourcesBuildPhase;
			buildActionMask = 2147483647;
			files = (
				7FBF38942FD4886D006D8E70 /* ContentView.swift in Sources */,
				7FBF38922FD4886D006D8E70 /* whack_a_moleApp.swift in Sources */,
			);
			runOnlyForDeploymentPostprocessing = 0;
		};
/* End PBXSourcesBuildPhase section */

/* Begin XCBuildConfiguration section */
		7FBF38972FD4886F006D8E70 /* Debug */ = {
			isa = XCBuildConfiguration;
			buildSettings = {
				ALWAYS_SEARCH_USER_PATHS = NO;
				ASSETCATALOG_COMPILER_GENERATE_SWIFT_ASSET_SYMBOL_EXTENSIONS = YES;
				CLANG_ANALYZER_NONNULL = YES;
				CLANG_ANALYZER_NUMBER_OBJECT_CONVERSION = YES_AGGRESSIVE;
				CLANG_CXX_LANGUAGE_STANDARD = "gnu++20";
				CLANG_ENABLE_MODULES = YES;
				CLANG_ENABLE_OBJC_ARC = YES;
				CLANG_ENABLE_OBJC_WEAK = YES;
				CLANG_WARN_BLOCK_CAPTURE_AUTORELEASING = YES;
				CLANG_WARN_BOOL_CONVERSION = YES;
				CLANG_WARN_COMMA = YES;
				CLANG_WARN_CONSTANT_CONVERSION = YES;
				CLANG_WARN_DEPRECATED_OBJC_IMPLEMENTATIONS = YES;
				CLANG_WARN_DIRECT_OBJC_ISA_USAGE = YES_ERROR;
				CLANG_WARN_DOCUMENTATION_COMMENTS = YES;
				CLANG_WARN_EMPTY_BODY = YES;
				CLANG_WARN_ENUM_CONVERSION = YES;
				CLANG_WARN_INFINITE_RECURSION = YES;
				CLANG_WARN_INT_CONVERSION = YES;
				CLANG_WARN_NON_LITERAL_NULL_CONVERSION = YES;
				CLANG_WARN_OBJC_IMPLICIT_RETAIN_SELF = YES;
				CLANG_WARN_OBJC_LITERAL_CONVERSION = YES;
				CLANG_WARN_OBJC_ROOT_CLASS = YES_ERROR;
				CLANG_WARN_QUOTED_INCLUDE_IN_FRAMEWORK_HEADER = YES;
				CLANG_WARN_RANGE_LOOP_ANALYSIS = YES;
				CLANG_WARN_STRICT_PROTOTYPES = YES;
				CLANG_WARN_SUSPICIOUS_MOVE = YES;
				CLANG_WARN_UNGUARDED_AVAILABILITY = YES_AGGRESSIVE;
				CLANG_WARN_UNREACHABLE_CODE = YES;
				CLANG_WARN__DUPLICATE_METHOD_MATCH = YES;
				COPY_PHASE_STRIP = NO;
				DEBUG_INFORMATION_FORMAT = dwarf;
				DEVELOPMENT_TEAM = C6DQVPTV2K;
				ENABLE_STRICT_OBJC_MSGSEND = YES;
				ENABLE_TESTABILITY = YES;
				ENABLE_USER_SCRIPT_SANDBOXING = YES;
				GCC_C_LANGUAGE_STANDARD = gnu17;
				GCC_DYNAMIC_NO_PIC = NO;
				GCC_NO_COMMON_BLOCKS = YES;
				GCC_OPTIMIZATION_LEVEL = 0;
				GCC_PREPROCESSOR_DEFINITIONS = (
					"DEBUG=1",
					"$(inherited)",
				);
				GCC_WARN_64_TO_32_BIT_CONVERSION = YES;
				GCC_WARN_ABOUT_RETURN_TYPE = YES_ERROR;
				GCC_WARN_UNDECLARED_SELECTOR = YES;
				GCC_WARN_UNINITIALIZED_AUTOS = YES_AGGRESSIVE;
				GCC_WARN_UNUSED_FUNCTION = YES;
				GCC_WARN_UNUSED_VARIABLE = YES;
				IPHONEOS_DEPLOYMENT_TARGET = 26.5;
				LOCALIZATION_PREFERS_STRING_CATALOGS = YES;
				MTL_ENABLE_DEBUG_INFO = INCLUDE_SOURCE;
				MTL_FAST_MATH = YES;
				ONLY_ACTIVE_ARCH = YES;
				SDKROOT = iphoneos;
				SWIFT_ACTIVE_COMPILATION_CONDITIONS = "DEBUG $(inherited)";
				SWIFT_OPTIMIZATION_LEVEL = "-Onone";
			};
			name = Debug;
		};
		7FBF38982FD4886F006D8E70 /* Release */ = {
			isa = XCBuildConfiguration;
			buildSettings = {
				ALWAYS_SEARCH_USER_PATHS = NO;
				ASSETCATALOG_COMPILER_GENERATE_SWIFT_ASSET_SYMBOL_EXTENSIONS = YES;
				CLANG_ANALYZER_NONNULL = YES;
				CLANG_ANALYZER_NUMBER_OBJECT_CONVERSION = YES_AGGRESSIVE;
				CLANG_CXX_LANGUAGE_STANDARD = "gnu++20";
				CLANG_ENABLE_MODULES = YES;
				CLANG_ENABLE_OBJC_ARC = YES;
				CLANG_ENABLE_OBJC_WEAK = YES;
				CLANG_WARN_BLOCK_CAPTURE_AUTORELEASING = YES;
				CLANG_WARN_BOOL_CONVERSION = YES;
				CLANG_WARN_COMMA = YES;
				CLANG_WARN_CONSTANT_CONVERSION = YES;
				CLANG_WARN_DEPRECATED_OBJC_IMPLEMENTATIONS = YES;
				CLANG_WARN_DIRECT_OBJC_ISA_USAGE = YES_ERROR;
				CLANG_WARN_DOCUMENTATION_COMMENTS = YES;
				CLANG_WARN_EMPTY_BODY = YES;
				CLANG_WARN_ENUM_CONVERSION = YES;
				CLANG_WARN_INFINITE_RECURSION = YES;
				CLANG_WARN_INT_CONVERSION = YES;
				CLANG_WARN_NON_LITERAL_NULL_CONVERSION = YES;
				CLANG_WARN_OBJC_IMPLICIT_RETAIN_SELF = YES;
				CLANG_WARN_OBJC_LITERAL_CONVERSION = YES;
				CLANG_WARN_OBJC_ROOT_CLASS = YES_ERROR;
				CLANG_WARN_QUOTED_INCLUDE_IN_FRAMEWORK_HEADER = YES;
				CLANG_WARN_RANGE_LOOP_ANALYSIS = YES;
				CLANG_WARN_STRICT_PROTOTYPES = YES;
				CLANG_WARN_SUSPICIOUS_MOVE = YES;
				CLANG_WARN_UNGUARDED_AVAILABILITY = YES_AGGRESSIVE;
				CLANG_WARN_UNREACHABLE_CODE = YES;
				CLANG_WARN__DUPLICATE_METHOD_MATCH = YES;
				COPY_PHASE_STRIP = NO;
				DEBUG_INFORMATION_FORMAT = "dwarf-with-dsym";
				DEVELOPMENT_TEAM = C6DQVPTV2K;
				ENABLE_NS_ASSERTIONS = NO;
				ENABLE_STRICT_OBJC_MSGSEND = YES;
				ENABLE_USER_SCRIPT_SANDBOXING = YES;
				GCC_C_LANGUAGE_STANDARD = gnu17;
				GCC_NO_COMMON_BLOCKS = YES;
				GCC_WARN_64_TO_32_BIT_CONVERSION = YES;
				GCC_WARN_ABOUT_RETURN_TYPE = YES_ERROR;
				GCC_WARN_UNDECLARED_SELECTOR = YES;
				GCC_WARN_UNINITIALIZED_AUTOS = YES_AGGRESSIVE;
				GCC_WARN_UNUSED_FUNCTION = YES;
				GCC_WARN_UNUSED_VARIABLE = YES;
				IPHONEOS_DEPLOYMENT_TARGET = 26.5;
				LOCALIZATION_PREFERS_STRING_CATALOGS = YES;
				MTL_ENABLE_DEBUG_INFO = NO;
				MTL_FAST_MATH = YES;
				SDKROOT = iphoneos;
				SWIFT_COMPILATION_MODE = wholemodule;
				VALIDATE_PRODUCT = YES;
			};
			name = Release;
		};
		7FBF389A2FD4886F006D8E70 /* Debug */ = {
			isa = XCBuildConfiguration;
			buildSettings = {
				ASSETCATALOG_COMPILER_APPICON_NAME = AppIcon;
				ASSETCATALOG_COMPILER_GLOBAL_ACCENT_COLOR_NAME = AccentColor;
				CODE_SIGN_STYLE = Automatic;
				CURRENT_PROJECT_VERSION = 1;
				DEVELOPMENT_TEAM = C6DQVPTV2K;
				ENABLE_PREVIEWS = YES;
				GENERATE_INFOPLIST_FILE = YES;
				INFOPLIST_KEY_UIApplicationSceneManifest_Generation = YES;
				INFOPLIST_KEY_UIApplicationSupportsIndirectInputEvents = YES;
				INFOPLIST_KEY_UILaunchScreen_Generation = YES;
				INFOPLIST_KEY_UISupportedInterfaceOrientations = "UIInterfaceOrientationLandscapeLeft UIInterfaceOrientationLandscapeRight";
				INFOPLIST_KEY_UISupportedInterfaceOrientations_iPad = "UIInterfaceOrientationLandscapeLeft UIInterfaceOrientationLandscapeRight UIInterfaceOrientationPortraitUpsideDown";
				LD_RUNPATH_SEARCH_PATHS = (
					"$(inherited)",
					"@executable_path/Frameworks",
				);
				MARKETING_VERSION = 1.0;
				PRODUCT_BUNDLE_IDENTIFIER = "co.uk.rickbrown.whack-a-mole";
				PRODUCT_NAME = "$(TARGET_NAME)";
				STRING_CATALOG_GENERATE_SYMBOLS = YES;
				SWIFT_APPROACHABLE_CONCURRENCY = YES;
				SWIFT_DEFAULT_ACTOR_ISOLATION = MainActor;
				SWIFT_EMIT_LOC_STRINGS = YES;
				SWIFT_UPCOMING_FEATURE_MEMBER_IMPORT_VISIBILITY = YES;
				SWIFT_VERSION = 5.0;
				TARGETED_DEVICE_FAMILY = "1,2";
			};
			name = Debug;
		};
		7FBF389B2FD4886F006D8E70 /* Release */ = {
			isa = XCBuildConfiguration;
			buildSettings = {
				ASSETCATALOG_COMPILER_APPICON_NAME = AppIcon;
				ASSETCATALOG_COMPILER_GLOBAL_ACCENT_COLOR_NAME = AccentColor;
				CODE_SIGN_STYLE = Automatic;
				CURRENT_PROJECT_VERSION = 1;
				DEVELOPMENT_TEAM = C6DQVPTV2K;
				ENABLE_PREVIEWS = YES;
				GENERATE_INFOPLIST_FILE = YES;
				INFOPLIST_KEY_UIApplicationSceneManifest_Generation = YES;
				INFOPLIST_KEY_UIApplicationSupportsIndirectInputEvents = YES;
				INFOPLIST_KEY_UILaunchScreen_Generation = YES;
				INFOPLIST_KEY_UISupportedInterfaceOrientations = "UIInterfaceOrientationLandscapeLeft UIInterfaceOrientationLandscapeRight";
				INFOPLIST_KEY_UISupportedInterfaceOrientations_iPad = "UIInterfaceOrientationLandscapeLeft UIInterfaceOrientationLandscapeRight UIInterfaceOrientationPortraitUpsideDown";
				LD_RUNPATH_SEARCH_PATHS = (
					"$(inherited)",
					"@executable_path/Frameworks",
				);
				MARKETING_VERSION = 1.0;
				PRODUCT_BUNDLE_IDENTIFIER = "co.uk.rickbrown.whack-a-mole";
				PRODUCT_NAME = "$(TARGET_NAME)";
				STRING_CATALOG_GENERATE_SYMBOLS = YES;
				SWIFT_APPROACHABLE_CONCURRENCY = YES;
				SWIFT_DEFAULT_ACTOR_ISOLATION = MainActor;
				SWIFT_EMIT_LOC_STRINGS = YES;
				SWIFT_UPCOMING_FEATURE_MEMBER_IMPORT_VISIBILITY = YES;
				SWIFT_VERSION = 5.0;
				TARGETED_DEVICE_FAMILY = "1,2";
			};
			name = Release;
		};
/* End XCBuildConfiguration section */

/* Begin XCConfigurationList section */
		7FBF38892FD4886D006D8E70 /* Build configuration list for PBXProject "whack-a-mole" */ = {
			isa = XCConfigurationList;
			buildConfigurations = (
				7FBF38972FD4886F006D8E70 /* Debug */,
				7FBF38982FD4886F006D8E70 /* Release */,
			);
			defaultConfigurationIsVisible = 0;
			defaultConfigurationName = Release;
		};
		7FBF38992FD4886F006D8E70 /* Build configuration list for PBXNativeTarget "whack-a-mole" */ = {
			isa = XCConfigurationList;
			buildConfigurations = (
				7FBF389A2FD4886F006D8E70 /* Debug */,
				7FBF389B2FD4886F006D8E70 /* Release */,
			);
			defaultConfigurationIsVisible = 0;
			defaultConfigurationName = Release;
		};
/* End XCConfigurationList section */
	};
	rootObject = 7FBF38862FD4886D006D8E70 /* Project object */;
}
